
Microsoft Visual Studio Solution File, Format Version 12.00
# Visual Studio 15
VisualStudioVersion = 15.0.28307.1145
MinimumVisualStudioVersion = 10.0.40219.1
Project("{FAE04EC0-301F-11D3-BF4B-00C04F79EFBC}") = "Advent", "Advent.csproj", "{801FF052-04E3-415C-9C23-644EA4086286}"
EndProject
Project("{2150E333-8FDC-42A3-9474-1A3956D46DE8}") = "Solution Items", "Solution Items", "{0D3E7143-0C6F-4769-915B-4CE4959E16B0}"
EndProject
Global
	GlobalSection(SolutionConfigurationPlatforms) = preSolution
		Debug|Any CPU = Debug|Any CPU
		Release|Any CPU = Release|Any CPU
	EndGlobalSection
	GlobalSection(ProjectConfigurationPlatforms) = postSolution
		{801FF052-04E3-415C-9C23-644EA4086286}.Debug|Any CPU.ActiveCfg = Debug|Any CPU
		{801FF052-04E3-415C-9C23-644EA4086286}.Debug|Any CPU.Build.0 = Debug|Any CPU
		{801FF052-04E3-415C-9C23-644EA4086286}.Release|Any CPU.ActiveCfg = Release|Any CPU
		{801FF052-04E3-415C-9C23-644EA4086286}.Release|Any CPU.Build.0 = Release|Any CPU
	EndGlobalSection
	GlobalSection(SolutionProperties) = preSolution
		HideSolutionNode = FALSE
	EndGlobalSection
	GlobalSection(ExtensibilityGlobals) = postSolution
		SolutionGuid = {E7CAFB37-0463-42D4-87DD-84782BDB04D7}
	EndGlobalSection
EndGlobal
